
Microsoft Visual Studio Solution File, Format Version 12.00
# Visual Studio Version 17
VisualStudioVersion = 17.7.34031.279
MinimumVisualStudioVersion = 10.0.40219.1
Project("{FAE04EC0-301F-11D3-BF4B-00C04F79EFBC}") = "DesafioFundamentos", "DesafioFundamentos.csproj", "{7BA63B82-3061-43BA-A117-4A65269AA4A1}"
EndProject
Global
	GlobalSection(SolutionConfigurationPlatforms) = preSolution
		Debug|Any CPU = Debug|Any CPU
		Release|Any CPU = Release|Any CPU
	EndGlobalSection
	GlobalSection(ProjectConfigurationPlatforms) = postSolution
		{7BA63B82-3061-43BA-A117-4A65269AA4A1}.Debug|Any CPU.ActiveCfg = Debug|Any CPU
		{7BA63B82-3061-43BA-A117-4A65269AA4A1}.Debug|Any CPU.Build.0 = Debug|Any CPU
		{7BA63B82-3061-43BA-A117-4A65269AA4A1}.Release|Any CPU.ActiveCfg = Release|Any CPU
		{7BA63B82-3061-43BA-A117-4A65269AA4A1}.Release|Any CPU.Build.0 = Release|Any CPU
	EndGlobalSection
	GlobalSection(SolutionProperties) = preSolution
		HideSolutionNode = FALSE
	EndGlobalSection
	GlobalSection(ExtensibilityGlobals) = postSolution
		SolutionGuid = {4E03B7EA-E7BF-45F0-83A9-FB3D18C3A355}
	EndGlobalSection
EndGlobal
